// !$*UTF8*$!
{
	archiveVersion = 1;
	classes = {
	};
	objectVersion = 50;
	objects = {

/* Begin PBXBuildFile section */
		5A158E7720D0916A00A1E31E /* AppDelegate.swift in Sources */ = {isa = PBXBuildFile; fileRef = 5A158E7620D0916A00A1E31E /* AppDelegate.swift */; };
		5A158E7920D0916A00A1E31E /* HeadlinesViewController.swift in Sources */ = {isa = PBXBuildFile; fileRef = 5A158E7820D0916A00A1E31E /* HeadlinesViewController.swift */; };
		5A158E7C20D0916A00A1E31E /* TopStories.storyboard in Resources */ = {isa = PBXBuildFile; fileRef = 5A158E7A20D0916A00A1E31E /* TopStories.storyboard */; };
		5A158E7E20D0916C00A1E31E /* Assets.xcassets in Resources */ = {isa = PBXBuildFile; fileRef = 5A158E7D20D0916C00A1E31E /* Assets.xcassets */; };
		5A158E8120D0916C00A1E31E /* LaunchScreen.storyboard in Resources */ = {isa = PBXBuildFile; fileRef = 5A158E7F20D0916C00A1E31E /* LaunchScreen.storyboard */; };
		5A158E8920D0923700A1E31E /* HeadlineCell.swift in Sources */ = {isa = PBXBuildFile; fileRef = 5A158E8820D0923700A1E31E /* HeadlineCell.swift */; };
		5A158E8B20D0934600A1E31E /* DataModel.swift in Sources */ = {isa = PBXBuildFile; fileRef = 5A158E8A20D0934600A1E31E /* DataModel.swift */; };
		5AA3BDB220D1FFD40012E059 /* Welcome.storyboard in Resources */ = {isa = PBXBuildFile; fileRef = 5AA3BDB120D1FFD40012E059 /* Welcome.storyboard */; };
		5AA3BDB420D1FFED0012E059 /* WelcomeViewController.swift in Sources */ = {isa = PBXBuildFile; fileRef = 5AA3BDB320D1FFED0012E059 /* WelcomeViewController.swift */; };
		5AA3BDB620D216AF0012E059 /* SourceViewCell.swift in Sources */ = {isa = PBXBuildFile; fileRef = 5AA3BDB520D216AF0012E059 /* SourceViewCell.swift */; };
		5AA3BDB820D2172D0012E059 /* NewsSources.swift in Sources */ = {isa = PBXBuildFile; fileRef = 5AA3BDB720D2172D0012E059 /* NewsSources.swift */; };
		5ABEF95320D0B690000BF14A /* WebView.storyboard in Resources */ = {isa = PBXBuildFile; fileRef = 5ABEF95220D0B690000BF14A /* WebView.storyboard */; };
		5ABEF95520D0B6D5000BF14A /* WebViewController.swift in Sources */ = {isa = PBXBuildFile; fileRef = 5ABEF95420D0B6D5000BF14A /* WebViewController.swift */; };
		63EDC8A8001CB6AFA5F8A6E0 /* Pods_NewsUpdateApp.framework in Frameworks */ = {isa = PBXBuildFile; fileRef = 6653BA603DD6DB54DEB3ABCC /* Pods_NewsUpdateApp.framework */; };
/* End PBXBuildFile section */

/* Begin PBXFileReference section */
		1D452941E38B5BF736039478 /* Pods-NewsUpdateApp.release.xcconfig */ = {isa = PBXFileReference; includeInIndex = 1; lastKnownFileType = text.xcconfig; name = "Pods-NewsUpdateApp.release.xcconfig"; path = "Pods/Target Support Files/Pods-NewsUpdateApp/Pods-NewsUpdateApp.release.xcconfig"; sourceTree = "<group>"; };
		5A158E7320D0916A00A1E31E /* NewsUpdateApp.app */ = {isa = PBXFileReference; explicitFileType = wrapper.application; includeInIndex = 0; path = NewsUpdateApp.app; sourceTree = BUILT_PRODUCTS_DIR; };
		5A158E7620D0916A00A1E31E /* AppDelegate.swift */ = {isa = PBXFileReference; lastKnownFileType = sourcecode.swift; path = AppDelegate.swift; sourceTree = "<group>"; };
		5A158E7820D0916A00A1E31E /* HeadlinesViewController.swift */ = {isa = PBXFileReference; lastKnownFileType = sourcecode.swift; path = HeadlinesViewController.swift; sourceTree = "<group>"; };
		5A158E7B20D0916A00A1E31E /* Base */ = {isa = PBXFileReference; lastKnownFileType = file.storyboard; name = Base; path = Base.lproj/TopStories.storyboard; sourceTree = "<group>"; };
		5A158E7D20D0916C00A1E31E /* Assets.xcassets */ = {isa = PBXFileReference; lastKnownFileType = folder.assetcatalog; path = Assets.xcassets; sourceTree = "<group>"; };
		5A158E8020D0916C00A1E31E /* Base */ = {isa = PBXFileReference; lastKnownFileType = file.storyboard; name = Base; path = Base.lproj/LaunchScreen.storyboard; sourceTree = "<group>"; };
		5A158E8220D0916C00A1E31E /* Info.plist */ = {isa = PBXFileReference; lastKnownFileType = text.plist.xml; path = Info.plist; sourceTree = "<group>"; };
		5A158E8820D0923700A1E31E /* HeadlineCell.swift */ = {isa = PBXFileReference; lastKnownFileType = sourcecode.swift; path = HeadlineCell.swift; sourceTree = "<group>"; };
		5A158E8A20D0934600A1E31E /* DataModel.swift */ = {isa = PBXFileReference; lastKnownFileType = sourcecode.swift; path = DataModel.swift; sourceTree = "<group>"; };
		5AA3BDB120D1FFD40012E059 /* Welcome.storyboard */ = {isa = PBXFileReference; lastKnownFileType = file.storyboard; path = Welcome.storyboard; sourceTree = "<group>"; };
		5AA3BDB320D1FFED0012E059 /* WelcomeViewController.swift */ = {isa = PBXFileReference; lastKnownFileType = sourcecode.swift; path = WelcomeViewController.swift; sourceTree = "<group>"; };
		5AA3BDB520D216AF0012E059 /* SourceViewCell.swift */ = {isa = PBXFileReference; lastKnownFileType = sourcecode.swift; path = SourceViewCell.swift; sourceTree = "<group>"; };
		5AA3BDB720D2172D0012E059 /* NewsSources.swift */ = {isa = PBXFileReference; lastKnownFileType = sourcecode.swift; path = NewsSources.swift; sourceTree = "<group>"; };
		5ABEF95220D0B690000BF14A /* WebView.storyboard */ = {isa = PBXFileReference; lastKnownFileType = file.storyboard; path = WebView.storyboard; sourceTree = "<group>"; };
		5ABEF95420D0B6D5000BF14A /* WebViewController.swift */ = {isa = PBXFileReference; lastKnownFileType = sourcecode.swift; path = WebViewController.swift; sourceTree = "<group>"; };
		6653BA603DD6DB54DEB3ABCC /* Pods_NewsUpdateApp.framework */ = {isa = PBXFileReference; explicitFileType = wrapper.framework; includeInIndex = 0; path = Pods_NewsUpdateApp.framework; sourceTree = BUILT_PRODUCTS_DIR; };
		D6F692EAEB8174908D8C513B /* Pods-NewsUpdateApp.debug.xcconfig */ = {isa = PBXFileReference; includeInIndex = 1; lastKnownFileType = text.xcconfig; name = "Pods-NewsUpdateApp.debug.xcconfig"; path = "Pods/Target Support Files/Pods-NewsUpdateApp/Pods-NewsUpdateApp.debug.xcconfig"; sourceTree = "<group>"; };
/* End PBXFileReference section */

/* Begin PBXFrameworksBuildPhase section */
		5A158E7020D0916A00A1E31E /* Frameworks */ = {
			isa = PBXFrameworksBuildPhase;
			buildActionMask = 2147483647;
			files = (
				63EDC8A8001CB6AFA5F8A6E0 /* Pods_NewsUpdateApp.framework in Frameworks */,
			);
			runOnlyForDeploymentPostprocessing = 0;
		};
/* End PBXFrameworksBuildPhase section */

/* Begin PBXGroup section */
		5A158E6A20D0916A00A1E31E = {
			isa = PBXGroup;
			children = (
				5A158E7520D0916A00A1E31E /* NewsUpdateApp */,
				5A158E7420D0916A00A1E31E /* Products */,
				63C7A8C558585C578EDCA910 /* Pods */,
				AB7835C23FD6E8C17AD7DE7D /* Frameworks */,
			);
			sourceTree = "<group>";
		};
		5A158E7420D0916A00A1E31E /* Products */ = {
			isa = PBXGroup;
			children = (
				5A158E7320D0916A00A1E31E /* NewsUpdateApp.app */,
			);
			name = Products;
			sourceTree = "<group>";
		};
		5A158E7520D0916A00A1E31E /* NewsUpdateApp */ = {
			isa = PBXGroup;
			children = (
				5A158E7620D0916A00A1E31E /* AppDelegate.swift */,
				5AFD527C20D31A1C00F57865 /* Models */,
				5AFD527A20D319EE00F57865 /* Controllers */,
				5AFD527B20D31A0400F57865 /* Views */,
				5A158E7D20D0916C00A1E31E /* Assets.xcassets */,
				5A158E7F20D0916C00A1E31E /* LaunchScreen.storyboard */,
				5A158E8220D0916C00A1E31E /* Info.plist */,
			);
			path = NewsUpdateApp;
			sourceTree = "<group>";
		};
		5AFD527A20D319EE00F57865 /* Controllers */ = {
			isa = PBXGroup;
			children = (
				5AA3BDB320D1FFED0012E059 /* WelcomeViewController.swift */,
				5AA3BDB520D216AF0012E059 /* SourceViewCell.swift */,
				5A158E7820D0916A00A1E31E /* HeadlinesViewController.swift */,
				5A158E8820D0923700A1E31E /* HeadlineCell.swift */,
				5ABEF95420D0B6D5000BF14A /* WebViewController.swift */,
			);
			path = Controllers;
			sourceTree = "<group>";
		};
		5AFD527B20D31A0400F57865 /* Views */ = {
			isa = PBXGroup;
			children = (
				5AA3BDB120D1FFD40012E059 /* Welcome.storyboard */,
				5A158E7A20D0916A00A1E31E /* TopStories.storyboard */,
				5ABEF95220D0B690000BF14A /* WebView.storyboard */,
			);
			path = Views;
			sourceTree = "<group>";
		};
		5AFD527C20D31A1C00F57865 /* Models */ = {
			isa = PBXGroup;
			children = (
				5A158E8A20D0934600A1E31E /* DataModel.swift */,
				5AA3BDB720D2172D0012E059 /* NewsSources.swift */,
			);
			path = Models;
			sourceTree = "<group>";
		};
		63C7A8C558585C578EDCA910 /* Pods */ = {
			isa = PBXGroup;
			children = (
				D6F692EAEB8174908D8C513B /* Pods-NewsUpdateApp.debug.xcconfig */,
				1D452941E38B5BF736039478 /* Pods-NewsUpdateApp.release.xcconfig */,
			);
			name = Pods;
			sourceTree = "<group>";
		};
		AB7835C23FD6E8C17AD7DE7D /* Frameworks */ = {
			isa = PBXGroup;
			children = (
				6653BA603DD6DB54DEB3ABCC /* Pods_NewsUpdateApp.framework */,
			);
			name = Frameworks;
			sourceTree = "<group>";
		};
/* End PBXGroup section */

/* Begin PBXNativeTarget section */
		5A158E7220D0916A00A1E31E /* NewsUpdateApp */ = {
			isa = PBXNativeTarget;
			buildConfigurationList = 5A158E8520D0916C00A1E31E /* Build configuration list for PBXNativeTarget "NewsUpdateApp" */;
			buildPhases = (
				F250578256F3B02B22E3CB82 /* [CP] Check Pods Manifest.lock */,
				5A158E6F20D0916A00A1E31E /* Sources */,
				5A158E7020D0916A00A1E31E /* Frameworks */,
				5A158E7120D0916A00A1E31E /* Resources */,
				2F72BCCEFCE1E824E02FD328 /* [CP] Embed Pods Frameworks */,
			);
			buildRules = (
			);
			dependencies = (
			);
			name = NewsUpdateApp;
			productName = NewsUpdateApp;
			productReference = 5A158E7320D0916A00A1E31E /* NewsUpdateApp.app */;
			productType = "com.apple.product-type.application";
		};
/* End PBXNativeTarget section */

/* Begin PBXProject section */
		5A158E6B20D0916A00A1E31E /* Project object */ = {
			isa = PBXProject;
			attributes = {
				LastSwiftUpdateCheck = 0940;
				LastUpgradeCheck = 0940;
				ORGANIZATIONNAME = "Divya Pandit Chhetri";
				TargetAttributes = {
					5A158E7220D0916A00A1E31E = {
						CreatedOnToolsVersion = 9.4;
					};
				};
			};
			buildConfigurationList = 5A158E6E20D0916A00A1E31E /* Build configuration list for PBXProject "NewsUpdateApp" */;
			compatibilityVersion = "Xcode 9.3";
			developmentRegion = en;
			hasScannedForEncodings = 0;
			knownRegions = (
				en,
				Base,
			);
			mainGroup = 5A158E6A20D0916A00A1E31E;
			productRefGroup = 5A158E7420D0916A00A1E31E /* Products */;
			projectDirPath = "";
			projectRoot = "";
			targets = (
				5A158E7220D0916A00A1E31E /* NewsUpdateApp */,
			);
		};
/* End PBXProject section */

/* Begin PBXResourcesBuildPhase section */
		5A158E7120D0916A00A1E31E /* Resources */ = {
			isa = PBXResourcesBuildPhase;
			buildActionMask = 2147483647;
			files = (
				5AA3BDB220D1FFD40012E059 /* Welcome.storyboard in Resources */,
				5A158E8120D0916C00A1E31E /* LaunchScreen.storyboard in Resources */,
				5A158E7E20D0916C00A1E31E /* Assets.xcassets in Resources */,
				5ABEF95320D0B690000BF14A /* WebView.storyboard in Resources */,
				5A158E7C20D0916A00A1E31E /* TopStories.storyboard in Resources */,
			);
			runOnlyForDeploymentPostprocessing = 0;
		};
/* End PBXResourcesBuildPhase section */

/* Begin PBXShellScriptBuildPhase section */
		2F72BCCEFCE1E824E02FD328 /* [CP] Embed Pods Frameworks */ = {
			isa = PBXShellScriptBuildPhase;
			buildActionMask = 2147483647;
			files = (
			);
			inputPaths = (
				"${SRCROOT}/Pods/Target Support Files/Pods-NewsUpdateApp/Pods-NewsUpdateApp-frameworks.sh",
				"${BUILT_PRODUCTS_DIR}/Alamofire/Alamofire.framework",
				"${BUILT_PRODUCTS_DIR}/AlamofireImage/AlamofireImage.framework",
				"${BUILT_PRODUCTS_DIR}/ObjectMapper/ObjectMapper.framework",
				"${BUILT_PRODUCTS_DIR}/SwiftyJSON/SwiftyJSON.framework",
			);
			name = "[CP] Embed Pods Frameworks";
			outputPaths = (
				"${TARGET_BUILD_DIR}/${FRAMEWORKS_FOLDER_PATH}/Alamofire.framework",
				"${TARGET_BUILD_DIR}/${FRAMEWORKS_FOLDER_PATH}/AlamofireImage.framework",
				"${TARGET_BUILD_DIR}/${FRAMEWORKS_FOLDER_PATH}/ObjectMapper.framework",
				"${TARGET_BUILD_DIR}/${FRAMEWORKS_FOLDER_PATH}/SwiftyJSON.framework",
			);
			runOnlyForDeploymentPostprocessing = 0;
			shellPath = /bin/sh;
			shellScript = "\"${SRCROOT}/Pods/Target Support Files/Pods-NewsUpdateApp/Pods-NewsUpdateApp-frameworks.sh\"\n";
			showEnvVarsInLog = 0;
		};
		F250578256F3B02B22E3CB82 /* [CP] Check Pods Manifest.lock */ = {
			isa = PBXShellScriptBuildPhase;
			buildActionMask = 2147483647;
			files = (
			);
			inputPaths = (
				"${PODS_PODFILE_DIR_PATH}/Podfile.lock",
				"${PODS_ROOT}/Manifest.lock",
			);
			name = "[CP] Check Pods Manifest.lock";
			outputPaths = (
				"$(DERIVED_FILE_DIR)/Pods-NewsUpdateApp-checkManifestLockResult.txt",
			);
			runOnlyForDeploymentPostprocessing = 0;
			shellPath = /bin/sh;
			shellScript = "diff \"${PODS_PODFILE_DIR_PATH}/Podfile.lock\" \"${PODS_ROOT}/Manifest.lock\" > /dev/null\nif [ $? != 0 ] ; then\n    # print error to STDERR\n    echo \"error: The sandbox is not in sync with the Podfile.lock. Run 'pod install' or update your CocoaPods installation.\" >&2\n    exit 1\nfi\n# This output is used by Xcode 'outputs' to avoid re-running this script phase.\necho \"SUCCESS\" > \"${SCRIPT_OUTPUT_FILE_0}\"\n";
			showEnvVarsInLog = 0;
		};
/* End PBXShellScriptBuildPhase section */

/* Begin PBXSourcesBuildPhase section */
		5A158E6F20D0916A00A1E31E /* Sources */ = {
			isa = PBXSourcesBuildPhase;
			buildActionMask = 2147483647;
			files = (
				5A158E8920D0923700A1E31E /* HeadlineCell.swift in Sources */,
				5A158E8B20D0934600A1E31E /* DataModel.swift in Sources */,
				5A158E7920D0916A00A1E31E /* HeadlinesViewController.swift in Sources */,
				5AA3BDB420D1FFED0012E059 /* WelcomeViewController.swift in Sources */,
				5AA3BDB620D216AF0012E059 /* SourceViewCell.swift in Sources */,
				5AA3BDB820D2172D0012E059 /* NewsSources.swift in Sources */,
				5ABEF95520D0B6D5000BF14A /* WebViewController.swift in Sources */,
				5A158E7720D0916A00A1E31E /* AppDelegate.swift in Sources */,
			);
			runOnlyForDeploymentPostprocessing = 0;
		};
/* End PBXSourcesBuildPhase section */

/* Begin PBXVariantGroup section */
		5A158E7A20D0916A00A1E31E /* TopStories.storyboard */ = {
			isa = PBXVariantGroup;
			children = (
				5A158E7B20D0916A00A1E31E /* Base */,
			);
			name = TopStories.storyboard;
			sourceTree = "<group>";
		};
		5A158E7F20D0916C00A1E31E /* LaunchScreen.storyboard */ = {
			isa = PBXVariantGroup;
			children = (
				5A158E8020D0916C00A1E31E /* Base */,
			);
			name = LaunchScreen.storyboard;
			sourceTree = "<group>";
		};
/* End PBXVariantGroup section */

/* Begin XCBuildConfiguration section */
		5A158E8320D0916C00A1E31E /* Debug */ = {
			isa = XCBuildConfiguration;
			buildSettings = {
				ALWAYS_SEARCH_USER_PATHS = NO;
				CLANG_ANALYZER_NONNULL = YES;
				CLANG_ANALYZER_NUMBER_OBJECT_CONVERSION = YES_AGGRESSIVE;
				CLANG_CXX_LANGUAGE_STANDARD = "gnu++14";
				CLANG_CXX_LIBRARY = "libc++";
				CLANG_ENABLE_MODULES = YES;
				CLANG_ENABLE_OBJC_ARC = YES;
				CLANG_ENABLE_OBJC_WEAK = YES;
				CLANG_WARN_BLOCK_CAPTURE_AUTORELEASING = YES;
				CLANG_WARN_BOOL_CONVERSION = YES;
				CLANG_WARN_COMMA = YES;
				CLANG_WARN_CONSTANT_CONVERSION = YES;
				CLANG_WARN_DEPRECATED_OBJC_IMPLEMENTATIONS = YES;
				CLANG_WARN_DIRECT_OBJC_ISA_USAGE = YES_ERROR;
				CLANG_WARN_DOCUMENTATION_COMMENTS = YES;
				CLANG_WARN_EMPTY_BODY = YES;
				CLANG_WARN_ENUM_CONVERSION = YES;
				CLANG_WARN_INFINITE_RECURSION = YES;
				CLANG_WARN_INT_CONVERSION = YES;
				CLANG_WARN_NON_LITERAL_NULL_CONVERSION = YES;
				CLANG_WARN_OBJC_IMPLICIT_RETAIN_SELF = YES;
				CLANG_WARN_OBJC_LITERAL_CONVERSION = YES;
				CLANG_WARN_OBJC_ROOT_CLASS = YES_ERROR;
				CLANG_WARN_RANGE_LOOP_ANALYSIS = YES;
				CLANG_WARN_STRICT_PROTOTYPES = YES;
				CLANG_WARN_SUSPICIOUS_MOVE = YES;
				CLANG_WARN_UNGUARDED_AVAILABILITY = YES_AGGRESSIVE;
				CLANG_WARN_UNREACHABLE_CODE = YES;
				CLANG_WARN__DUPLICATE_METHOD_MATCH = YES;
				CODE_SIGN_IDENTITY = "iPhone Developer";
				COPY_PHASE_STRIP = NO;
				DEBUG_INFORMATION_FORMAT = dwarf;
				ENABLE_STRICT_OBJC_MSGSEND = YES;
				ENABLE_TESTABILITY = YES;
				GCC_C_LANGUAGE_STANDARD = gnu11;
				GCC_DYNAMIC_NO_PIC = NO;
				GCC_NO_COMMON_BLOCKS = YES;
				GCC_OPTIMIZATION_LEVEL = 0;
				GCC_PREPROCESSOR_DEFINITIONS = (
					"DEBUG=1",
					"$(inherited)",
				);
				GCC_WARN_64_TO_32_BIT_CONVERSION = YES;
				GCC_WARN_ABOUT_RETURN_TYPE = YES_ERROR;
				GCC_WARN_UNDECLARED_SELECTOR = YES;
				GCC_WARN_UNINITIALIZED_AUTOS = YES_AGGRESSIVE;
				GCC_WARN_UNUSED_FUNCTION = YES;
				GCC_WARN_UNUSED_VARIABLE = YES;
				IPHONEOS_DEPLOYMENT_TARGET = 11.4;
				MTL_ENABLE_DEBUG_INFO = YES;
				ONLY_ACTIVE_ARCH = YES;
				SDKROOT = iphoneos;
				SWIFT_ACTIVE_COMPILATION_CONDITIONS = DEBUG;
				SWIFT_OPTIMIZATION_LEVEL = "-Onone";
			};
			name = Debug;
		};
		5A158E8420D0916C00A1E31E /* Release */ = {
			isa = XCBuildConfiguration;
			buildSettings = {
				ALWAYS_SEARCH_USER_PATHS = NO;
				CLANG_ANALYZER_NONNULL = YES;
				CLANG_ANALYZER_NUMBER_OBJECT_CONVERSION = YES_AGGRESSIVE;
				CLANG_CXX_LANGUAGE_STANDARD = "gnu++14";
				CLANG_CXX_LIBRARY = "libc++";
				CLANG_ENABLE_MODULES = YES;
				CLANG_ENABLE_OBJC_ARC = YES;
				CLANG_ENABLE_OBJC_WEAK = YES;
				CLANG_WARN_BLOCK_CAPTURE_AUTORELEASING = YES;
				CLANG_WARN_BOOL_CONVERSION = YES;
				CLANG_WARN_COMMA = YES;
				CLANG_WARN_CONSTANT_CONVERSION = YES;
				CLANG_WARN_DEPRECATED_OBJC_IMPLEMENTATIONS = YES;
				CLANG_WARN_DIRECT_OBJC_ISA_USAGE = YES_ERROR;
				CLANG_WARN_DOCUMENTATION_COMMENTS = YES;
				CLANG_WARN_EMPTY_BODY = YES;
				CLANG_WARN_ENUM_CONVERSION = YES;
				CLANG_WARN_INFINITE_RECURSION = YES;
				CLANG_WARN_INT_CONVERSION = YES;
				CLANG_WARN_NON_LITERAL_NULL_CONVERSION = YES;
				CLANG_WARN_OBJC_IMPLICIT_RETAIN_SELF = YES;
				CLANG_WARN_OBJC_LITERAL_CONVERSION = YES;
				CLANG_WARN_OBJC_ROOT_CLASS = YES_ERROR;
				CLANG_WARN_RANGE_LOOP_ANALYSIS = YES;
				CLANG_WARN_STRICT_PROTOTYPES = YES;
				CLANG_WARN_SUSPICIOUS_MOVE = YES;
				CLANG_WARN_UNGUARDED_AVAILABILITY = YES_AGGRESSIVE;
				CLANG_WARN_UNREACHABLE_CODE = YES;
				CLANG_WARN__DUPLICATE_METHOD_MATCH = YES;
				CODE_SIGN_IDENTITY = "iPhone Developer";
				COPY_PHASE_STRIP = NO;
				DEBUG_INFORMATION_FORMAT = "dwarf-with-dsym";
				ENABLE_NS_ASSERTIONS = NO;
				ENABLE_STRICT_OBJC_MSGSEND = YES;
				GCC_C_LANGUAGE_STANDARD = gnu11;
				GCC_NO_COMMON_BLOCKS = YES;
				GCC_WARN_64_TO_32_BIT_CONVERSION = YES;
				GCC_WARN_ABOUT_RETURN_TYPE = YES_ERROR;
				GCC_WARN_UNDECLARED_SELECTOR = YES;
				GCC_WARN_UNINITIALIZED_AUTOS = YES_AGGRESSIVE;
				GCC_WARN_UNUSED_FUNCTION = YES;
				GCC_WARN_UNUSED_VARIABLE = YES;
				IPHONEOS_DEPLOYMENT_TARGET = 11.4;
				MTL_ENABLE_DEBUG_INFO = NO;
				SDKROOT = iphoneos;
				SWIFT_COMPILATION_MODE = wholemodule;
				SWIFT_OPTIMIZATION_LEVEL = "-O";
				VALIDATE_PRODUCT = YES;
			};
			name = Release;
		};
		5A158E8620D0916C00A1E31E /* Debug */ = {
			isa = XCBuildConfiguration;
			baseConfigurationReference = D6F692EAEB8174908D8C513B /* Pods-NewsUpdateApp.debug.xcconfig */;
			buildSettings = {
				ASSETCATALOG_COMPILER_APPICON_NAME = AppIcon;
				CODE_SIGN_STYLE = Automatic;
				INFOPLIST_FILE = NewsUpdateApp/Info.plist;
				IPHONEOS_DEPLOYMENT_TARGET = 11.0;
				LD_RUNPATH_SEARCH_PATHS = (
					"$(inherited)",
					"@executable_path/Frameworks",
				);
				PRODUCT_BUNDLE_IDENTIFIER = com.DivyaPanChhet.NewsUpdateApp;
				PRODUCT_NAME = "$(TARGET_NAME)";
				SWIFT_VERSION = 4.0;
				TARGETED_DEVICE_FAMILY = "1,2";
			};
			name = Debug;
		};
		5A158E8720D0916C00A1E31E /* Release */ = {
			isa = XCBuildConfiguration;
			baseConfigurationReference = 1D452941E38B5BF736039478 /* Pods-NewsUpdateApp.release.xcconfig */;
			buildSettings = {
				ASSETCATALOG_COMPILER_APPICON_NAME = AppIcon;
				CODE_SIGN_STYLE = Automatic;
				INFOPLIST_FILE = NewsUpdateApp/Info.plist;
				IPHONEOS_DEPLOYMENT_TARGET = 11.0;
				LD_RUNPATH_SEARCH_PATHS = (
					"$(inherited)",
					"@executable_path/Frameworks",
				);
				PRODUCT_BUNDLE_IDENTIFIER = com.DivyaPanChhet.NewsUpdateApp;
				PRODUCT_NAME = "$(TARGET_NAME)";
				SWIFT_VERSION = 4.0;
				TARGETED_DEVICE_FAMILY = "1,2";
			};
			name = Release;
		};
/* End XCBuildConfiguration section */

/* Begin XCConfigurationList section */
		5A158E6E20D0916A00A1E31E /* Build configuration list for PBXProject "NewsUpdateApp" */ = {
			isa = XCConfigurationList;
			buildConfigurations = (
				5A158E8320D0916C00A1E31E /* Debug */,
				5A158E8420D0916C00A1E31E /* Release */,
			);
			defaultConfigurationIsVisible = 0;
			defaultConfigurationName = Release;
		};
		5A158E8520D0916C00A1E31E /* Build configuration list for PBXNativeTarget "NewsUpdateApp" */ = {
			isa = XCConfigurationList;
			buildConfigurations = (
				5A158E8620D0916C00A1E31E /* Debug */,
				5A158E8720D0916C00A1E31E /* Release */,
			);
			defaultConfigurationIsVisible = 0;
			defaultConfigurationName = Release;
		};
/* End XCConfigurationList section */
	};
	rootObject = 5A158E6B20D0916A00A1E31E /* Project object */;
}
